// !$*UTF8*$!
{
	archiveVersion = 1;
	classes = {
	};
	objectVersion = 50;
	objects = {

/* Begin PBXBuildFile section */
		23E455F82692E32900A73032 /* AppDelegate.swift in Sources */ = {isa = PBXBuildFile; fileRef = 23E455F72692E32900A73032 /* AppDelegate.swift */; };
		23E455FA2692E32900A73032 /* SceneDelegate.swift in Sources */ = {isa = PBXBuildFile; fileRef = 23E455F92692E32900A73032 /* SceneDelegate.swift */; };
		23E455FC2692E32900A73032 /* ViewController.swift in Sources */ = {isa = PBXBuildFile; fileRef = 23E455FB2692E32900A73032 /* ViewController.swift */; };
		23E455FF2692E32900A73032 /* Main.storyboard in Resources */ = {isa = PBXBuildFile; fileRef = 23E455FD2692E32900A73032 /* Main.storyboard */; };
		23E456022692E32900A73032 /* Moneylabs.xcdatamodeld in Sources */ = {isa = PBXBuildFile; fileRef = 23E456002692E32900A73032 /* Moneylabs.xcdatamodeld */; };
		23E456042692E32B00A73032 /* Assets.xcassets in Resources */ = {isa = PBXBuildFile; fileRef = 23E456032692E32B00A73032 /* Assets.xcassets */; };
		23E456072692E32B00A73032 /* LaunchScreen.storyboard in Resources */ = {isa = PBXBuildFile; fileRef = 23E456052692E32B00A73032 /* LaunchScreen.storyboard */; };
/* End PBXBuildFile section */

/* Begin PBXFileReference section */
		23E455F42692E32900A73032 /* Moneylabs.app */ = {isa = PBXFileReference; explicitFileType = wrapper.application; includeInIndex = 0; path = Moneylabs.app; sourceTree = BUILT_PRODUCTS_DIR; };
		23E455F72692E32900A73032 /* AppDelegate.swift */ = {isa = PBXFileReference; lastKnownFileType = sourcecode.swift; path = AppDelegate.swift; sourceTree = "<group>"; };
		23E455F92692E32900A73032 /* SceneDelegate.swift */ = {isa = PBXFileReference; lastKnownFileType = sourcecode.swift; path = SceneDelegate.swift; sourceTree = "<group>"; };
		23E455FB2692E32900A73032 /* ViewController.swift */ = {isa = PBXFileReference; lastKnownFileType = sourcecode.swift; path = ViewController.swift; sourceTree = "<group>"; };
		23E455FE2692E32900A73032 /* Base */ = {isa = PBXFileReference; lastKnownFileType = file.storyboard; name = Base; path = Base.lproj/Main.storyboard; sourceTree = "<group>"; };
		23E456012692E32900A73032 /* Moneylabs.xcdatamodel */ = {isa = PBXFileReference; lastKnownFileType = wrapper.xcdatamodel; path = Moneylabs.xcdatamodel; sourceTree = "<group>"; };
		23E456032692E32B00A73032 /* Assets.xcassets */ = {isa = PBXFileReference; lastKnownFileType = folder.assetcatalog; path = Assets.xcassets; sourceTree = "<group>"; };
		23E456062692E32B00A73032 /* Base */ = {isa = PBXFileReference; lastKnownFileType = file.storyboard; name = Base; path = Base.lproj/LaunchScreen.storyboard; sourceTree = "<group>"; };
		23E456082692E32B00A73032 /* Info.plist */ = {isa = PBXFileReference; lastKnownFileType = text.plist.xml; path = Info.plist; sourceTree = "<group>"; };
/* End PBXFileReference section */

/* Begin PBXFrameworksBuildPhase section */
		23E455F12692E32900A73032 /* Frameworks */ = {
			isa = PBXFrameworksBuildPhase;
			buildActionMask = 2147483647;
			files = (
			);
			runOnlyForDeploymentPostprocessing = 0;
		};
/* End PBXFrameworksBuildPhase section */

/* Begin PBXGroup section */
		23E455EB2692E32900A73032 = {
			isa = PBXGroup;
			children = (
				23E455F62692E32900A73032 /* Moneylabs */,
				23E455F52692E32900A73032 /* Products */,
			);
			sourceTree = "<group>";
		};
		23E455F52692E32900A73032 /* Products */ = {
			isa = PBXGroup;
			children = (
				23E455F42692E32900A73032 /* Moneylabs.app */,
			);
			name = Products;
			sourceTree = "<group>";
		};
		23E455F62692E32900A73032 /* Moneylabs */ = {
			isa = PBXGroup;
			children = (
				23E455F72692E32900A73032 /* AppDelegate.swift */,
				23E455F92692E32900A73032 /* SceneDelegate.swift */,
				23E455FB2692E32900A73032 /* ViewController.swift */,
				23E455FD2692E32900A73032 /* Main.storyboard */,
				23E456032692E32B00A73032 /* Assets.xcassets */,
				23E456052692E32B00A73032 /* LaunchScreen.storyboard */,
				23E456082692E32B00A73032 /* Info.plist */,
				23E456002692E32900A73032 /* Moneylabs.xcdatamodeld */,
			);
			path = Moneylabs;
			sourceTree = "<group>";
		};
/* End PBXGroup section */

/* Begin PBXNativeTarget section */
		23E455F32692E32900A73032 /* Moneylabs */ = {
			isa = PBXNativeTarget;
			buildConfigurationList = 23E4560B2692E32B00A73032 /* Build configuration list for PBXNativeTarget "Moneylabs" */;
			buildPhases = (
				23E455F02692E32900A73032 /* Sources */,
				23E455F12692E32900A73032 /* Frameworks */,
				23E455F22692E32900A73032 /* Resources */,
			);
			buildRules = (
			);
			dependencies = (
			);
			name = Moneylabs;
			productName = Moneylabs;
			productReference = 23E455F42692E32900A73032 /* Moneylabs.app */;
			productType = "com.apple.product-type.application";
		};
/* End PBXNativeTarget section */

/* Begin PBXProject section */
		23E455EC2692E32900A73032 /* Project object */ = {
			isa = PBXProject;
			attributes = {
				LastSwiftUpdateCheck = 1250;
				LastUpgradeCheck = 1250;
				TargetAttributes = {
					23E455F32692E32900A73032 = {
						CreatedOnToolsVersion = 12.5.1;
					};
				};
			};
			buildConfigurationList = 23E455EF2692E32900A73032 /* Build configuration list for PBXProject "Moneylabs" */;
			compatibilityVersion = "Xcode 9.3";
			developmentRegion = en;
			hasScannedForEncodings = 0;
			knownRegions = (
				en,
				Base,
			);
			mainGroup = 23E455EB2692E32900A73032;
			productRefGroup = 23E455F52692E32900A73032 /* Products */;
			projectDirPath = "";
			projectRoot = "";
			targets = (
				23E455F32692E32900A73032 /* Moneylabs */,
			);
		};
/* End PBXProject section */

/* Begin PBXResourcesBuildPhase section */
		23E455F22692E32900A73032 /* Resources */ = {
			isa = PBXResourcesBuildPhase;
			buildActionMask = 2147483647;
			files = (
				23E456072692E32B00A73032 /* LaunchScreen.storyboard in Resources */,
				23E456042692E32B00A73032 /* Assets.xcassets in Resources */,
				23E455FF2692E32900A73032 /* Main.storyboard in Resources */,
			);
			runOnlyForDeploymentPostprocessing = 0;
		};
/* End PBXResourcesBuildPhase section */

/* Begin PBXSourcesBuildPhase section */
		23E455F02692E32900A73032 /* Sources */ = {
			isa = PBXSourcesBuildPhase;
			buildActionMask = 2147483647;
			files = (
				23E456022692E32900A73032 /* Moneylabs.xcdatamodeld in Sources */,
				23E455FC2692E32900A73032 /* ViewController.swift in Sources */,
				23E455F82692E32900A73032 /* AppDelegate.swift in Sources */,
				23E455FA2692E32900A73032 /* SceneDelegate.swift in Sources */,
			);
			runOnlyForDeploymentPostprocessing = 0;
		};
/* End PBXSourcesBuildPhase section */

/* Begin PBXVariantGroup section */
		23E455FD2692E32900A73032 /* Main.storyboard */ = {
			isa = PBXVariantGroup;
			children = (
				23E455FE2692E32900A73032 /* Base */,
			);
			name = Main.storyboard;
			sourceTree = "<group>";
		};
		23E456052692E32B00A73032 /* LaunchScreen.storyboard */ = {
			isa = PBXVariantGroup;
			children = (
				23E456062692E32B00A73032 /* Base */,
			);
			name = LaunchScreen.storyboard;
			sourceTree = "<group>";
		};
/* End PBXVariantGroup section */

/* Begin XCBuildConfiguration section */
		23E456092692E32B00A73032 /* Debug */ = {
			isa = XCBuildConfiguration;
			buildSettings = {
				ALWAYS_SEARCH_USER_PATHS = NO;
				CLANG_ANALYZER_NONNULL = YES;
				CLANG_ANALYZER_NUMBER_OBJECT_CONVERSION = YES_AGGRESSIVE;
				CLANG_CXX_LANGUAGE_STANDARD = "gnu++14";
				CLANG_CXX_LIBRARY = "libc++";
				CLANG_ENABLE_MODULES = YES;
				CLANG_ENABLE_OBJC_ARC = YES;
				CLANG_ENABLE_OBJC_WEAK = YES;
				CLANG_WARN_BLOCK_CAPTURE_AUTORELEASING = YES;
				CLANG_WARN_BOOL_CONVERSION = YES;
				CLANG_WARN_COMMA = YES;
				CLANG_WARN_CONSTANT_CONVERSION = YES;
				CLANG_WARN_DEPRECATED_OBJC_IMPLEMENTATIONS = YES;
				CLANG_WARN_DIRECT_OBJC_ISA_USAGE = YES_ERROR;
				CLANG_WARN_DOCUMENTATION_COMMENTS = YES;
				CLANG_WARN_EMPTY_BODY = YES;
				CLANG_WARN_ENUM_CONVERSION = YES;
				CLANG_WARN_INFINITE_RECURSION = YES;
				CLANG_WARN_INT_CONVERSION = YES;
				CLANG_WARN_NON_LITERAL_NULL_CONVERSION = YES;
				CLANG_WARN_OBJC_IMPLICIT_RETAIN_SELF = YES;
				CLANG_WARN_OBJC_LITERAL_CONVERSION = YES;
				CLANG_WARN_OBJC_ROOT_CLASS = YES_ERROR;
				CLANG_WARN_QUOTED_INCLUDE_IN_FRAMEWORK_HEADER = YES;
				CLANG_WARN_RANGE_LOOP_ANALYSIS = YES;
				CLANG_WARN_STRICT_PROTOTYPES = YES;
				CLANG_WARN_SUSPICIOUS_MOVE = YES;
				CLANG_WARN_UNGUARDED_AVAILABILITY = YES_AGGRESSIVE;
				CLANG_WARN_UNREACHABLE_CODE = YES;
				CLANG_WARN__DUPLICATE_METHOD_MATCH = YES;
				COPY_PHASE_STRIP = NO;
				DEBUG_INFORMATION_FORMAT = dwarf;
				ENABLE_STRICT_OBJC_MSGSEND = YES;
				ENABLE_TESTABILITY = YES;
				GCC_C_LANGUAGE_STANDARD = gnu11;
				GCC_DYNAMIC_NO_PIC = NO;
				GCC_NO_COMMON_BLOCKS = YES;
				GCC_OPTIMIZATION_LEVEL = 0;
				GCC_PREPROCESSOR_DEFINITIONS = (
					"DEBUG=1",
					"$(inherited)",
				);
				GCC_WARN_64_TO_32_BIT_CONVERSION = YES;
				GCC_WARN_ABOUT_RETURN_TYPE = YES_ERROR;
				GCC_WARN_UNDECLARED_SELECTOR = YES;
				GCC_WARN_UNINITIALIZED_AUTOS = YES_AGGRESSIVE;
				GCC_WARN_UNUSED_FUNCTION = YES;
				GCC_WARN_UNUSED_VARIABLE = YES;
				IPHONEOS_DEPLOYMENT_TARGET = 14.5;
				MTL_ENABLE_DEBUG_INFO = INCLUDE_SOURCE;
				MTL_FAST_MATH = YES;
				ONLY_ACTIVE_ARCH = YES;
				SDKROOT = iphoneos;
				SWIFT_ACTIVE_COMPILATION_CONDITIONS = DEBUG;
				SWIFT_OPTIMIZATION_LEVEL = "-Onone";
			};
			name = Debug;
		};
		23E4560A2692E32B00A73032 /* Release */ = {
			isa = XCBuildConfiguration;
			buildSettings = {
				ALWAYS_SEARCH_USER_PATHS = NO;
				CLANG_ANALYZER_NONNULL = YES;
				CLANG_ANALYZER_NUMBER_OBJECT_CONVERSION = YES_AGGRESSIVE;
				CLANG_CXX_LANGUAGE_STANDARD = "gnu++14";
				CLANG_CXX_LIBRARY = "libc++";
				CLANG_ENABLE_MODULES = YES;
				CLANG_ENABLE_OBJC_ARC = YES;
				CLANG_ENABLE_OBJC_WEAK = YES;
				CLANG_WARN_BLOCK_CAPTURE_AUTORELEASING = YES;
				CLANG_WARN_BOOL_CONVERSION = YES;
				CLANG_WARN_COMMA = YES;
				CLANG_WARN_CONSTANT_CONVERSION = YES;
				CLANG_WARN_DEPRECATED_OBJC_IMPLEMENTATIONS = YES;
				CLANG_WARN_DIRECT_OBJC_ISA_USAGE = YES_ERROR;
				CLANG_WARN_DOCUMENTATION_COMMENTS = YES;
				CLANG_WARN_EMPTY_BODY = YES;
				CLANG_WARN_ENUM_CONVERSION = YES;
				CLANG_WARN_INFINITE_RECURSION = YES;
				CLANG_WARN_INT_CONVERSION = YES;
				CLANG_WARN_NON_LITERAL_NULL_CONVERSION = YES;
				CLANG_WARN_OBJC_IMPLICIT_RETAIN_SELF = YES;
				CLANG_WARN_OBJC_LITERAL_CONVERSION = YES;
				CLANG_WARN_OBJC_ROOT_CLASS = YES_ERROR;
				CLANG_WARN_QUOTED_INCLUDE_IN_FRAMEWORK_HEADER = YES;
				CLANG_WARN_RANGE_LOOP_ANALYSIS = YES;
				CLANG_WARN_STRICT_PROTOTYPES = YES;
				CLANG_WARN_SUSPICIOUS_MOVE = YES;
				CLANG_WARN_UNGUARDED_AVAILABILITY = YES_AGGRESSIVE;
				CLANG_WARN_UNREACHABLE_CODE = YES;
				CLANG_WARN__DUPLICATE_METHOD_MATCH = YES;
				COPY_PHASE_STRIP = NO;
				DEBUG_INFORMATION_FORMAT = "dwarf-with-dsym";
				ENABLE_NS_ASSERTIONS = NO;
				ENABLE_STRICT_OBJC_MSGSEND = YES;
				GCC_C_LANGUAGE_STANDARD = gnu11;
				GCC_NO_COMMON_BLOCKS = YES;
				GCC_WARN_64_TO_32_BIT_CONVERSION = YES;
				GCC_WARN_ABOUT_RETURN_TYPE = YES_ERROR;
				GCC_WARN_UNDECLARED_SELECTOR = YES;
				GCC_WARN_UNINITIALIZED_AUTOS = YES_AGGRESSIVE;
				GCC_WARN_UNUSED_FUNCTION = YES;
				GCC_WARN_UNUSED_VARIABLE = YES;
				IPHONEOS_DEPLOYMENT_TARGET = 14.5;
				MTL_ENABLE_DEBUG_INFO = NO;
				MTL_FAST_MATH = YES;
				SDKROOT = iphoneos;
				SWIFT_COMPILATION_MODE = wholemodule;
				SWIFT_OPTIMIZATION_LEVEL = "-O";
				VALIDATE_PRODUCT = YES;
			};
			name = Release;
		};
		23E4560C2692E32B00A73032 /* Debug */ = {
			isa = XCBuildConfiguration;
			buildSettings = {
				ASSETCATALOG_COMPILER_APPICON_NAME = AppIcon;
				ASSETCATALOG_COMPILER_GLOBAL_ACCENT_COLOR_NAME = AccentColor;
				CODE_SIGN_STYLE = Automatic;
				DEVELOPMENT_TEAM = 8H53AFJYM7;
				INFOPLIST_FILE = Moneylabs/Info.plist;
				LD_RUNPATH_SEARCH_PATHS = (
					"$(inherited)",
					"@executable_path/Frameworks",
				);
				PRODUCT_BUNDLE_IDENTIFIER = com.abdhilabs.Moneylabs;
				PRODUCT_NAME = "$(TARGET_NAME)";
				SWIFT_VERSION = 5.0;
				TARGETED_DEVICE_FAMILY = "1,2";
			};
			name = Debug;
		};
		23E4560D2692E32B00A73032 /* Release */ = {
			isa = XCBuildConfiguration;
			buildSettings = {
				ASSETCATALOG_COMPILER_APPICON_NAME = AppIcon;
				ASSETCATALOG_COMPILER_GLOBAL_ACCENT_COLOR_NAME = AccentColor;
				CODE_SIGN_STYLE = Automatic;
				DEVELOPMENT_TEAM = 8H53AFJYM7;
				INFOPLIST_FILE = Moneylabs/Info.plist;
				LD_RUNPATH_SEARCH_PATHS = (
					"$(inherited)",
					"@executable_path/Frameworks",
				);
				PRODUCT_BUNDLE_IDENTIFIER = com.abdhilabs.Moneylabs;
				PRODUCT_NAME = "$(TARGET_NAME)";
				SWIFT_VERSION = 5.0;
				TARGETED_DEVICE_FAMILY = "1,2";
			};
			name = Release;
		};
/* End XCBuildConfiguration section */

/* Begin XCConfigurationList section */
		23E455EF2692E32900A73032 /* Build configuration list for PBXProject "Moneylabs" */ = {
			isa = XCConfigurationList;
			buildConfigurations = (
				23E456092692E32B00A73032 /* Debug */,
				23E4560A2692E32B00A73032 /* Release */,
			);
			defaultConfigurationIsVisible = 0;
			defaultConfigurationName = Release;
		};
		23E4560B2692E32B00A73032 /* Build configuration list for PBXNativeTarget "Moneylabs" */ = {
			isa = XCConfigurationList;
			buildConfigurations = (
				23E4560C2692E32B00A73032 /* Debug */,
				23E4560D2692E32B00A73032 /* Release */,
			);
			defaultConfigurationIsVisible = 0;
			defaultConfigurationName = Release;
		};
/* End XCConfigurationList section */

/* Begin XCVersionGroup section */
		23E456002692E32900A73032 /* Moneylabs.xcdatamodeld */ = {
			isa = XCVersionGroup;
			children = (
				23E456012692E32900A73032 /* Moneylabs.xcdatamodel */,
			);
			currentVersion = 23E456012692E32900A73032 /* Moneylabs.xcdatamodel */;
			path = Moneylabs.xcdatamodeld;
			sourceTree = "<group>";
			versionGroupType = wrapper.xcdatamodel;
		};
/* End XCVersionGroup section */
	};
	rootObject = 23E455EC2692E32900A73032 /* Project object */;
}
